
Microsoft Visual Studio Solution File, Format Version 12.00
# Visual Studio Version 17
VisualStudioVersion = 17.13.36105.23 d17.13
MinimumVisualStudioVersion = 10.0.40219.1
Project("{FAE04EC0-301F-11D3-BF4B-00C04F79EFBC}") = "EInvoiceProcessor", "EInvoiceProcessor\EInvoiceProcessor.csproj", "{A503DC9C-D2FB-4DFA-8249-A1735BE40C3D}"
EndProject
Global
	GlobalSection(SolutionConfigurationPlatforms) = preSolution
		Debug|Any CPU = Debug|Any CPU
		Release|Any CPU = Release|Any CPU
	EndGlobalSection
	GlobalSection(ProjectConfigurationPlatforms) = postSolution
		{A503DC9C-D2FB-4DFA-8249-A1735BE40C3D}.Debug|Any CPU.ActiveCfg = Debug|Any CPU
		{A503DC9C-D2FB-4DFA-8249-A1735BE40C3D}.Debug|Any CPU.Build.0 = Debug|Any CPU
		{A503DC9C-D2FB-4DFA-8249-A1735BE40C3D}.Release|Any CPU.ActiveCfg = Release|Any CPU
		{A503DC9C-D2FB-4DFA-8249-A1735BE40C3D}.Release|Any CPU.Build.0 = Release|Any CPU
	EndGlobalSection
	GlobalSection(SolutionProperties) = preSolution
		HideSolutionNode = FALSE
	EndGlobalSection
	GlobalSection(ExtensibilityGlobals) = postSolution
		SolutionGuid = {68857803-21EE-4917-AD1D-F1F644439D9E}
	EndGlobalSection
EndGlobal
